
Microsoft Visual Studio Solution File, Format Version 12.00
# Visual Studio Express 2013 for Windows Desktop
VisualStudioVersion = 12.0.30324.0
MinimumVisualStudioVersion = 10.0.40219.1
Project("{FAE04EC0-301F-11D3-BF4B-00C04F79EFBC}") = "TimeLogger", "Presentation\TimeLogger\TimeLogger.csproj", "{81060391-9D79-4E1B-AFE9-7EE1AB443C32}"
EndProject
Project("{2150E333-8FDC-42A3-9474-1A3956D46DE8}") = "Presentation", "Presentation", "{E62466F4-E833-47DA-A8D6-E8A69B95A4B2}"
EndProject
Project("{2150E333-8FDC-42A3-9474-1A3956D46DE8}") = "Components", "Components", "{FCECCEAB-FD71-4B09-8090-A327B4B05619}"
EndProject
Project("{2150E333-8FDC-42A3-9474-1A3956D46DE8}") = "BrowserGateway", "BrowserGateway", "{BC28FE0F-E96F-48CC-95B7-F8DCB4D32BDB}"
EndProject
Project("{2150E333-8FDC-42A3-9474-1A3956D46DE8}") = "WindowsProxy", "WindowsProxy", "{F2232C08-D94F-49C9-854A-362399CBD868}"
EndProject
Project("{FAE04EC0-301F-11D3-BF4B-00C04F79EFBC}") = "WindowsProxy.Services", "Components\ProxyComponents\WindowsProxy\WindowsProxy.Services\WindowsProxy.Services.csproj", "{A85DBF3B-9E68-40E4-8316-DC3BAB482B96}"
EndProject
Project("{2150E333-8FDC-42A3-9474-1A3956D46DE8}") = "UtilityComponents", "UtilityComponents", "{2E7D0EBE-530B-44A4-91F8-9C19BB95E98E}"
EndProject
Project("{2150E333-8FDC-42A3-9474-1A3956D46DE8}") = "Tests", "Tests", "{21A097BE-20B5-4509-B749-29B80DCC89E9}"
EndProject
Project("{2150E333-8FDC-42A3-9474-1A3956D46DE8}") = "UnitTests", "UnitTests", "{7E4B68D4-AFDF-4185-8E6D-C62EE29FF5BD}"
EndProject
Project("{FAE04EC0-301F-11D3-BF4B-00C04F79EFBC}") = "UtilityComponent", "Components\UtilityComponents\UtilityComponent\UtilityComponent.csproj", "{B9704C9F-5859-4C49-8C40-ABEC1B49B4B5}"
EndProject
Project("{FAE04EC0-301F-11D3-BF4B-00C04F79EFBC}") = "BrowserGateway.Services", "Components\GatewayComponents\BrowserGateway\BrowserGateway.Services\BrowserGateway.Services.csproj", "{93E41244-BECA-40ED-B801-BE70EA9F90BB}"
EndProject
Project("{FAE04EC0-301F-11D3-BF4B-00C04F79EFBC}") = "WindowsProxy.Infrastructure", "Components\ProxyComponents\WindowsProxy\WindowsProxy.Infrastructure\WindowsProxy.Infrastructure.csproj", "{7125B740-3135-4D16-9F44-02307D1C3887}"
EndProject
Project("{FAE04EC0-301F-11D3-BF4B-00C04F79EFBC}") = "WindowsProxy.Model", "Components\ProxyComponents\WindowsProxy\WindowsProxy.Model\WindowsProxy.Model.csproj", "{1DDD65D2-674D-49F3-BEC9-7AEE0D25633A}"
EndProject
Project("{2150E333-8FDC-42A3-9474-1A3956D46DE8}") = "TimeSheetDomain", "TimeSheetDomain", "{E7A32FEE-8833-4C89-BDEC-C7B5F8D91396}"
EndProject
Project("{2150E333-8FDC-42A3-9474-1A3956D46DE8}") = "GatewayComponents", "GatewayComponents", "{FF974E67-47C2-4523-8153-E5E1ACA47A37}"
EndProject
Project("{2150E333-8FDC-42A3-9474-1A3956D46DE8}") = "ProxyComponents", "ProxyComponents", "{6F6D78AE-60DA-4EF1-B11A-1FBF94B56A9C}"
EndProject
Project("{2150E333-8FDC-42A3-9474-1A3956D46DE8}") = "Application", "Application", "{C21CD48D-1818-4092-B64B-ED2BC8218E67}"
EndProject
Project("{FAE04EC0-301F-11D3-BF4B-00C04F79EFBC}") = "Application", "Application\Application\Application.csproj", "{69C93AA4-E627-4D86-AC6C-AE78E9EFFA4E}"
EndProject
Project("{FAE04EC0-301F-11D3-BF4B-00C04F79EFBC}") = "TimeSheetDomain.Services", "Components\TimeSheetDomain\TimeSheetDomain.Services\TimeSheetDomain.Services.csproj", "{58B48C52-7809-4222-AE5F-AAE69C9BD0ED}"
EndProject
Project("{FAE04EC0-301F-11D3-BF4B-00C04F79EFBC}") = "TimeSheetDomain.Model", "Components\TimeSheetDomain\TimeSheetDomain.Model\TimeSheetDomain.Model.csproj", "{A7133B6C-BFF8-4BE7-8C56-10727C425A9E}"
EndProject
Project("{FAE04EC0-301F-11D3-BF4B-00C04F79EFBC}") = "LoggingComponent", "Components\UtilityComponents\LoggingComponent\LoggingComponent.csproj", "{3FACA157-5DDD-433B-9CD2-FE8A0F817D63}"
EndProject
Global
	GlobalSection(SolutionConfigurationPlatforms) = preSolution
		Debug|Any CPU = Debug|Any CPU
		Release|Any CPU = Release|Any CPU
	EndGlobalSection
	GlobalSection(ProjectConfigurationPlatforms) = postSolution
		{81060391-9D79-4E1B-AFE9-7EE1AB443C32}.Debug|Any CPU.ActiveCfg = Debug|Any CPU
		{81060391-9D79-4E1B-AFE9-7EE1AB443C32}.Debug|Any CPU.Build.0 = Debug|Any CPU
		{81060391-9D79-4E1B-AFE9-7EE1AB443C32}.Release|Any CPU.ActiveCfg = Release|Any CPU
		{81060391-9D79-4E1B-AFE9-7EE1AB443C32}.Release|Any CPU.Build.0 = Release|Any CPU
		{A85DBF3B-9E68-40E4-8316-DC3BAB482B96}.Debug|Any CPU.ActiveCfg = Debug|Any CPU
		{A85DBF3B-9E68-40E4-8316-DC3BAB482B96}.Debug|Any CPU.Build.0 = Debug|Any CPU
		{A85DBF3B-9E68-40E4-8316-DC3BAB482B96}.Release|Any CPU.ActiveCfg = Release|Any CPU
		{A85DBF3B-9E68-40E4-8316-DC3BAB482B96}.Release|Any CPU.Build.0 = Release|Any CPU
		{B9704C9F-5859-4C49-8C40-ABEC1B49B4B5}.Debug|Any CPU.ActiveCfg = Debug|Any CPU
		{B9704C9F-5859-4C49-8C40-ABEC1B49B4B5}.Debug|Any CPU.Build.0 = Debug|Any CPU
		{B9704C9F-5859-4C49-8C40-ABEC1B49B4B5}.Release|Any CPU.ActiveCfg = Release|Any CPU
		{B9704C9F-5859-4C49-8C40-ABEC1B49B4B5}.Release|Any CPU.Build.0 = Release|Any CPU
		{93E41244-BECA-40ED-B801-BE70EA9F90BB}.Debug|Any CPU.ActiveCfg = Debug|Any CPU
		{93E41244-BECA-40ED-B801-BE70EA9F90BB}.Debug|Any CPU.Build.0 = Debug|Any CPU
		{93E41244-BECA-40ED-B801-BE70EA9F90BB}.Release|Any CPU.ActiveCfg = Release|Any CPU
		{93E41244-BECA-40ED-B801-BE70EA9F90BB}.Release|Any CPU.Build.0 = Release|Any CPU
		{7125B740-3135-4D16-9F44-02307D1C3887}.Debug|Any CPU.ActiveCfg = Debug|Any CPU
		{7125B740-3135-4D16-9F44-02307D1C3887}.Debug|Any CPU.Build.0 = Debug|Any CPU
		{7125B740-3135-4D16-9F44-02307D1C3887}.Release|Any CPU.ActiveCfg = Release|Any CPU
		{7125B740-3135-4D16-9F44-02307D1C3887}.Release|Any CPU.Build.0 = Release|Any CPU
		{1DDD65D2-674D-49F3-BEC9-7AEE0D25633A}.Debug|Any CPU.ActiveCfg = Debug|Any CPU
		{1DDD65D2-674D-49F3-BEC9-7AEE0D25633A}.Debug|Any CPU.Build.0 = Debug|Any CPU
		{1DDD65D2-674D-49F3-BEC9-7AEE0D25633A}.Release|Any CPU.ActiveCfg = Release|Any CPU
		{1DDD65D2-674D-49F3-BEC9-7AEE0D25633A}.Release|Any CPU.Build.0 = Release|Any CPU
		{69C93AA4-E627-4D86-AC6C-AE78E9EFFA4E}.Debug|Any CPU.ActiveCfg = Debug|Any CPU
		{69C93AA4-E627-4D86-AC6C-AE78E9EFFA4E}.Debug|Any CPU.Build.0 = Debug|Any CPU
		{69C93AA4-E627-4D86-AC6C-AE78E9EFFA4E}.Release|Any CPU.ActiveCfg = Release|Any CPU
		{69C93AA4-E627-4D86-AC6C-AE78E9EFFA4E}.Release|Any CPU.Build.0 = Release|Any CPU
		{58B48C52-7809-4222-AE5F-AAE69C9BD0ED}.Debug|Any CPU.ActiveCfg = Debug|Any CPU
		{58B48C52-7809-4222-AE5F-AAE69C9BD0ED}.Debug|Any CPU.Build.0 = Debug|Any CPU
		{58B48C52-7809-4222-AE5F-AAE69C9BD0ED}.Release|Any CPU.ActiveCfg = Release|Any CPU
		{58B48C52-7809-4222-AE5F-AAE69C9BD0ED}.Release|Any CPU.Build.0 = Release|Any CPU
		{A7133B6C-BFF8-4BE7-8C56-10727C425A9E}.Debug|Any CPU.ActiveCfg = Debug|Any CPU
		{A7133B6C-BFF8-4BE7-8C56-10727C425A9E}.Debug|Any CPU.Build.0 = Debug|Any CPU
		{A7133B6C-BFF8-4BE7-8C56-10727C425A9E}.Release|Any CPU.ActiveCfg = Release|Any CPU
		{A7133B6C-BFF8-4BE7-8C56-10727C425A9E}.Release|Any CPU.Build.0 = Release|Any CPU
		{3FACA157-5DDD-433B-9CD2-FE8A0F817D63}.Debug|Any CPU.ActiveCfg = Debug|Any CPU
		{3FACA157-5DDD-433B-9CD2-FE8A0F817D63}.Debug|Any CPU.Build.0 = Debug|Any CPU
		{3FACA157-5DDD-433B-9CD2-FE8A0F817D63}.Release|Any CPU.ActiveCfg = Release|Any CPU
		{3FACA157-5DDD-433B-9CD2-FE8A0F817D63}.Release|Any CPU.Build.0 = Release|Any CPU
	EndGlobalSection
	GlobalSection(SolutionProperties) = preSolution
		HideSolutionNode = FALSE
	EndGlobalSection
	GlobalSection(NestedProjects) = preSolution
		{81060391-9D79-4E1B-AFE9-7EE1AB443C32} = {E62466F4-E833-47DA-A8D6-E8A69B95A4B2}
		{BC28FE0F-E96F-48CC-95B7-F8DCB4D32BDB} = {FF974E67-47C2-4523-8153-E5E1ACA47A37}
		{F2232C08-D94F-49C9-854A-362399CBD868} = {6F6D78AE-60DA-4EF1-B11A-1FBF94B56A9C}
		{A85DBF3B-9E68-40E4-8316-DC3BAB482B96} = {F2232C08-D94F-49C9-854A-362399CBD868}
		{2E7D0EBE-530B-44A4-91F8-9C19BB95E98E} = {FCECCEAB-FD71-4B09-8090-A327B4B05619}
		{7E4B68D4-AFDF-4185-8E6D-C62EE29FF5BD} = {21A097BE-20B5-4509-B749-29B80DCC89E9}
		{B9704C9F-5859-4C49-8C40-ABEC1B49B4B5} = {2E7D0EBE-530B-44A4-91F8-9C19BB95E98E}
		{93E41244-BECA-40ED-B801-BE70EA9F90BB} = {BC28FE0F-E96F-48CC-95B7-F8DCB4D32BDB}
		{7125B740-3135-4D16-9F44-02307D1C3887} = {F2232C08-D94F-49C9-854A-362399CBD868}
		{1DDD65D2-674D-49F3-BEC9-7AEE0D25633A} = {F2232C08-D94F-49C9-854A-362399CBD868}
		{E7A32FEE-8833-4C89-BDEC-C7B5F8D91396} = {FCECCEAB-FD71-4B09-8090-A327B4B05619}
		{FF974E67-47C2-4523-8153-E5E1ACA47A37} = {FCECCEAB-FD71-4B09-8090-A327B4B05619}
		{6F6D78AE-60DA-4EF1-B11A-1FBF94B56A9C} = {FCECCEAB-FD71-4B09-8090-A327B4B05619}
		{69C93AA4-E627-4D86-AC6C-AE78E9EFFA4E} = {C21CD48D-1818-4092-B64B-ED2BC8218E67}
		{58B48C52-7809-4222-AE5F-AAE69C9BD0ED} = {E7A32FEE-8833-4C89-BDEC-C7B5F8D91396}
		{A7133B6C-BFF8-4BE7-8C56-10727C425A9E} = {E7A32FEE-8833-4C89-BDEC-C7B5F8D91396}
		{3FACA157-5DDD-433B-9CD2-FE8A0F817D63} = {2E7D0EBE-530B-44A4-91F8-9C19BB95E98E}
	EndGlobalSection
EndGlobal
